
Microsoft Visual Studio Solution File, Format Version 12.00
# Visual Studio Version 17
VisualStudioVersion = 17.3.32929.385
MinimumVisualStudioVersion = 10.0.40219.1
Project("{FAE04EC0-301F-11D3-BF4B-00C04F79EFBC}") = "001_HelloWorld", "001_HelloWorld\001_HelloWorld.csproj", "{6D3550DD-4EAD-4FC3-B7CF-56255DB042DB}"
EndProject
Project("{FAE04EC0-301F-11D3-BF4B-00C04F79EFBC}") = "002_HelloWorld2", "002_HelloWorld2\002_HelloWorld2.csproj", "{630ED7F4-E5AB-4318-9F9D-02E8B8C0D11E}"
EndProject
Project("{FAE04EC0-301F-11D3-BF4B-00C04F79EFBC}") = "003_HelloWorld3", "003_HelloWorld3\003_HelloWorld3.csproj", "{1111CA34-C212-44D9-953F-E5E7F3B8B70F}"
EndProject
Project("{FAE04EC0-301F-11D3-BF4B-00C04F79EFBC}") = "004_FastCampus", "004_FastCampus\004_FastCampus.csproj", "{D9CE8382-B531-40F9-87B4-77EF5D4B9F75}"
EndProject
Project("{FAE04EC0-301F-11D3-BF4B-00C04F79EFBC}") = "013_Data6", "013_Data6\013_Data6.csproj", "{87EE1CBC-7318-4914-AEDC-F10B05836DA0}"
EndProject
Project("{FAE04EC0-301F-11D3-BF4B-00C04F79EFBC}") = "028_Data_Reference", "028_Data_Reference\028_Data_Reference.csproj", "{5C2DEBD4-C48F-4DF5-A6AF-1323CFD9AAFC}"
EndProject
Project("{FAE04EC0-301F-11D3-BF4B-00C04F79EFBC}") = "029_Data_boxing", "029_Data_boxing\029_Data_boxing.csproj", "{D9EBF7A5-FA24-4396-827E-B276C266D52B}"
EndProject
Project("{FAE04EC0-301F-11D3-BF4B-00C04F79EFBC}") = "030_ReadLine", "030_ReadLine\030_ReadLine.csproj", "{A073CE4E-4381-4825-B508-9764D09879A1}"
EndProject
Project("{FAE04EC0-301F-11D3-BF4B-00C04F79EFBC}") = "031_ReadLine2", "031_ReadLine2\031_ReadLine2.csproj", "{3353373E-9364-41D9-AB0C-308FA3682195}"
EndProject
Project("{FAE04EC0-301F-11D3-BF4B-00C04F79EFBC}") = "032_Check", "032_Check\032_Check.csproj", "{D9ACADC2-2955-4D3F-B84A-18685AD07194}"
EndProject
Project("{FAE04EC0-301F-11D3-BF4B-00C04F79EFBC}") = "033_Check", "033_Check\033_Check.csproj", "{A3B5C91E-10F0-4216-8FE5-07028B02E209}"
EndProject
Project("{FAE04EC0-301F-11D3-BF4B-00C04F79EFBC}") = "039_Operator6", "039_Operator6\039_Operator6.csproj", "{D89585FA-FF8B-4945-BFF7-A9F3B2DAB5BB}"
EndProject
Project("{FAE04EC0-301F-11D3-BF4B-00C04F79EFBC}") = "040_Operator_Bit", "040_Operator_Bit\040_Operator_Bit.csproj", "{22BF4FDA-DC33-433E-8078-ACCAFEFD15F7}"
EndProject
Project("{FAE04EC0-301F-11D3-BF4B-00C04F79EFBC}") = "042_Operator_Branch", "042_Operator_Branch\042_Operator_Branch.csproj", "{6D0674D7-E486-45D5-BBB0-45CD64CBEDEE}"
EndProject
Project("{FAE04EC0-301F-11D3-BF4B-00C04F79EFBC}") = "043_Operator_Branch2", "043_Operator_Branch2\043_Operator_Branch2.csproj", "{AC2E1C1B-FF76-4D98-84BA-DD21F0C5A2AC}"
EndProject
Project("{FAE04EC0-301F-11D3-BF4B-00C04F79EFBC}") = "044_Operator_Branch3", "044_Operator_Branch3\044_Operator_Branch3.csproj", "{1F422CD4-2541-478F-B03E-156039BE6D29}"
EndProject
Project("{FAE04EC0-301F-11D3-BF4B-00C04F79EFBC}") = "045_Operator_switch", "045_Operator_switch\045_Operator_switch.csproj", "{0BF783D0-FA35-4B52-A377-CC600CE0C9BC}"
EndProject
Project("{FAE04EC0-301F-11D3-BF4B-00C04F79EFBC}") = "046_Operator_switch", "046_Operator_switch\046_Operator_switch.csproj", "{CFEE0933-2215-4A69-9283-587AC632B3BA}"
EndProject
Project("{FAE04EC0-301F-11D3-BF4B-00C04F79EFBC}") = "047_Operator_while", "047_Operator_while\047_Operator_while.csproj", "{2730A6FF-0B86-4294-B6F0-F0C883CC3804}"
EndProject
Project("{FAE04EC0-301F-11D3-BF4B-00C04F79EFBC}") = "048_Operator_do_while", "048_Operator_do_while\048_Operator_do_while.csproj", "{4E4A75E6-8130-4D37-BECC-369D4DC4E5F3}"
EndProject
Project("{FAE04EC0-301F-11D3-BF4B-00C04F79EFBC}") = "049_Operator_for_for", "049_Operator_for_for\049_Operator_for_for.csproj", "{0EFE1F35-FCC9-4644-AE59-E1D1CF2CC5B5}"
EndProject
Project("{FAE04EC0-301F-11D3-BF4B-00C04F79EFBC}") = "052_Operator_break", "052_Operator_break\052_Operator_break.csproj", "{D67F30F5-9722-4F61-B63B-58C678513821}"
EndProject
Project("{FAE04EC0-301F-11D3-BF4B-00C04F79EFBC}") = "053_Operator_continue", "053_Operator_continue\053_Operator_continue.csproj", "{C37EE74F-3FF6-48A2-B32A-03B8C7CF0A81}"
EndProject
Project("{FAE04EC0-301F-11D3-BF4B-00C04F79EFBC}") = "055_check", "055_check\055_check.csproj", "{09FB3B88-1805-4248-BAB0-E74522603A80}"
EndProject
Project("{FAE04EC0-301F-11D3-BF4B-00C04F79EFBC}") = "056_Check", "056_Check\056_Check.csproj", "{E5B4BB49-C74B-4EE1-8EA8-8C39A20A9D45}"
EndProject
Project("{FAE04EC0-301F-11D3-BF4B-00C04F79EFBC}") = "057_Check", "057_Check\057_Check.csproj", "{CCEB322C-FB38-4DD1-A266-22832AE74E3B}"
EndProject
Project("{FAE04EC0-301F-11D3-BF4B-00C04F79EFBC}") = "058_checkPoint01", "058_checkPoint01\058_checkPoint01.csproj", "{7CFB421E-CAE5-42EB-8A5B-65C42103FE91}"
EndProject
Project("{FAE04EC0-301F-11D3-BF4B-00C04F79EFBC}") = "062_FuncSwap", "062_FuncSwap\062_FuncSwap.csproj", "{0238ED8C-68D2-4588-8923-BC034E9719D6}"
EndProject
Project("{FAE04EC0-301F-11D3-BF4B-00C04F79EFBC}") = "063_Funcout", "063_Funcswap\063_Funcout.csproj", "{A957AAE0-08EB-4AB7-AF93-D92F46C2C5C0}"
EndProject
Project("{FAE04EC0-301F-11D3-BF4B-00C04F79EFBC}") = "046_Func_default", "046_Func_default\046_Func_default.csproj", "{7DCEBABD-E8F8-47B9-9A4B-7E48DD387027}"
EndProject
Project("{FAE04EC0-301F-11D3-BF4B-00C04F79EFBC}") = "059_Check point002", "Check point002\059_Check point002.csproj", "{75337471-6907-451B-89AF-8FD5942B3C47}"
EndProject
Project("{FAE04EC0-301F-11D3-BF4B-00C04F79EFBC}") = "064_Check", "067_Check\064_Check.csproj", "{30E03FE2-6D89-46D1-99D9-146B94DC0562}"
EndProject
Project("{FAE04EC0-301F-11D3-BF4B-00C04F79EFBC}") = "065_Check", "065_Check\065_Check.csproj", "{C15F9385-02D3-48B4-9857-967AA1BF90F7}"
EndProject
Project("{FAE04EC0-301F-11D3-BF4B-00C04F79EFBC}") = "072_Array_Func1", "072_Array_Func1\072_Array_Func1.csproj", "{2D36DE8B-5202-43E0-BB12-82CBC789452F}"
EndProject
Project("{FAE04EC0-301F-11D3-BF4B-00C04F79EFBC}") = "073_Array_Function", "073_Array_Function\073_Array_Function.csproj", "{73B0958A-A9F3-4449-B9C7-2D18987E96A0}"
EndProject
Project("{FAE04EC0-301F-11D3-BF4B-00C04F79EFBC}") = "074_Array_Clear", "074_Array_Clear\074_Array_Clear.csproj", "{3EAB01B0-292E-4DC9-A895-F87039446C4E}"
EndProject
Project("{FAE04EC0-301F-11D3-BF4B-00C04F79EFBC}") = "075_Check", "075_Check\075_Check.csproj", "{D52F2360-D3CC-4731-AC99-B6FF8DAFD398}"
EndProject
Project("{FAE04EC0-301F-11D3-BF4B-00C04F79EFBC}") = "075_CheckPoint03", "075_CheckPoint03\075_CheckPoint03.csproj", "{21B6EAA4-E904-4690-9714-A9A4D9753F4C}"
EndProject
Project("{FAE04EC0-301F-11D3-BF4B-00C04F79EFBC}") = "077_class", "077_class\077_class.csproj", "{641FB649-049B-4C68-9244-9CA4AD392D51}"
EndProject
Project("{FAE04EC0-301F-11D3-BF4B-00C04F79EFBC}") = "﻿078_Constructor", "﻿078_Constructor\﻿078_Constructor.csproj", "{5B708B8C-AA18-4C79-AAC4-1AF952273071}"
EndProject
Project("{FAE04EC0-301F-11D3-BF4B-00C04F79EFBC}") = "079_this", "079_this\079_this.csproj", "{04614D0E-4425-46BE-B9C1-746CBD7FB6FE}"
EndProject
Project("{FAE04EC0-301F-11D3-BF4B-00C04F79EFBC}") = "080_static", "080_static\080_static.csproj", "{B3955350-9F2B-4FC5-81D6-BF5A78FBCD03}"
EndProject
Project("{FAE04EC0-301F-11D3-BF4B-00C04F79EFBC}") = "081_02_classInheritance", "081_02_classInheritance\081_02_classInheritance.csproj", "{381FA304-CDCC-4DEC-8885-389427F218CA}"
EndProject
Project("{FAE04EC0-301F-11D3-BF4B-00C04F79EFBC}") = "081_03_classInheritance", "081_03_classInheritance\081_03_classInheritance.csproj", "{666D5263-71F8-403A-BFED-C4ADE0BFB8C4}"
EndProject
Project("{FAE04EC0-301F-11D3-BF4B-00C04F79EFBC}") = "081_class_parameter", "081_class_parameter\081_class_parameter.csproj", "{B1A7603C-0437-49D1-A2F4-9A7574C2C3B8}"
EndProject
Project("{FAE04EC0-301F-11D3-BF4B-00C04F79EFBC}") = "082_as", "082_as\082_as.csproj", "{9B4B3677-123B-4D72-91C9-1B4B65290230}"
EndProject
Project("{FAE04EC0-301F-11D3-BF4B-00C04F79EFBC}") = "083_override", "083_override\083_override.csproj", "{52DF232F-C59D-4C59-B81B-4AC02D7473A2}"
EndProject
Project("{FAE04EC0-301F-11D3-BF4B-00C04F79EFBC}") = "084_override2", "084_override2\084_override2.csproj", "{8F96D32F-5197-40F5-A59F-59C7D45E21F5}"
EndProject
Project("{FAE04EC0-301F-11D3-BF4B-00C04F79EFBC}") = "085_class_has_a", "085_class_has_a\085_class_has_a.csproj", "{E6EEC6E8-5D61-453F-B1E3-1E58CFB50483}"
EndProject
Project("{FAE04EC0-301F-11D3-BF4B-00C04F79EFBC}") = "086_partial", "086_partial\086_partial.csproj", "{FD111E7B-E80F-4F46-9908-0B0A695528E0}"
EndProject
Project("{FAE04EC0-301F-11D3-BF4B-00C04F79EFBC}") = "087_class_Extension", "87_class_Extension\087_class_Extension.csproj", "{FF89A40B-1ABC-4868-95C3-4113D71086C0}"
EndProject
Project("{FAE04EC0-301F-11D3-BF4B-00C04F79EFBC}") = "088_struct", "088_struct\088_struct.csproj", "{B8ED7AF9-6BF1-4A03-B05D-81F0C85F4C0F}"
EndProject
Project("{FAE04EC0-301F-11D3-BF4B-00C04F79EFBC}") = "086_interface", "086_interface\086_interface.csproj", "{C77E5DAC-2A31-468F-9BF8-62848C713863}"
EndProject
Project("{FAE04EC0-301F-11D3-BF4B-00C04F79EFBC}") = "090_abstract", "90_abstract\090_abstract.csproj", "{4040822F-3E6C-4196-8B77-D1A5A356A878}"
EndProject
Project("{FAE04EC0-301F-11D3-BF4B-00C04F79EFBC}") = "091_property01", "091_property01\091_property01.csproj", "{3F6F8A3B-A0FB-4955-8BF0-FCE271103DE3}"
EndProject
Project("{FAE04EC0-301F-11D3-BF4B-00C04F79EFBC}") = "092_property02", "092_property02\092_property02.csproj", "{BA0307C0-87BB-4A8F-99EE-D39F9E923C35}"
EndProject
Project("{FAE04EC0-301F-11D3-BF4B-00C04F79EFBC}") = "093_Check", "093_Check\093_Check.csproj", "{BEFD4091-1544-4D91-89E2-AAA68A297502}"
EndProject
Project("{FAE04EC0-301F-11D3-BF4B-00C04F79EFBC}") = "094_Check04", "099_Check04\094_Check04.csproj", "{AF9D2652-78DF-44E9-8378-D639B6ADAE67}"
EndProject
Project("{FAE04EC0-301F-11D3-BF4B-00C04F79EFBC}") = "094_Check", "094_Check\094_Check.csproj", "{D6CA7322-B8A3-462B-BFF9-05E65BF845A4}"
EndProject
Project("{FAE04EC0-301F-11D3-BF4B-00C04F79EFBC}") = "095_ArrayList", "095_ArrayList\095_ArrayList.csproj", "{01E66C31-DCB3-4E3E-8285-D0366C8BD186}"
EndProject
Project("{FAE04EC0-301F-11D3-BF4B-00C04F79EFBC}") = "096_Queue", "096_Queue\096_Queue.csproj", "{5CB13131-FCC6-48F4-B7ED-831E72C360E1}"
EndProject
Project("{FAE04EC0-301F-11D3-BF4B-00C04F79EFBC}") = "097_Stack", "097_Stack\097_Stack.csproj", "{C4361BF8-7E5F-48A2-9681-D6C2125164B2}"
EndProject
Project("{FAE04EC0-301F-11D3-BF4B-00C04F79EFBC}") = "098_Hashtable", "098_Hashtable\098_Hashtable.csproj", "{97FE567D-1EC9-4BA9-A78C-EE3CAD54C12A}"
EndProject
Project("{FAE04EC0-301F-11D3-BF4B-00C04F79EFBC}") = "099_Indexer01", "099_Indexer01\099_Indexer01.csproj", "{3EA351AC-57E3-49E4-B8AA-24B07EB1B564}"
EndProject
Project("{FAE04EC0-301F-11D3-BF4B-00C04F79EFBC}") = "100_Indexer02", "100_Indexer02\100_Indexer02.csproj", "{75D54706-8AD0-4E09-879B-019157234EA5}"
EndProject
Project("{FAE04EC0-301F-11D3-BF4B-00C04F79EFBC}") = "101_Check", "101_Check\101_Check.csproj", "{A5474160-E894-43C8-AE85-123E73896E4D}"
EndProject
Project("{FAE04EC0-301F-11D3-BF4B-00C04F79EFBC}") = "101_1_Check", "101_1_Check\101_1_Check.csproj", "{B4D39118-750E-4B9F-B9DB-61E2036B6A3E}"
EndProject
Project("{FAE04EC0-301F-11D3-BF4B-00C04F79EFBC}") = "103_GenericFunc", "103_GenericFunc\103_GenericFunc.csproj", "{1D087F5D-EE6F-4497-A12E-80DB8439D84E}"
EndProject
Project("{FAE04EC0-301F-11D3-BF4B-00C04F79EFBC}") = "104_GenericClass", "104_GenericClass\104_GenericClass.csproj", "{C9AA3371-BDAC-4009-9568-8B5C8A41736A}"
EndProject
Project("{FAE04EC0-301F-11D3-BF4B-00C04F79EFBC}") = "105_dynamic", "105_dynamic\105_dynamic.csproj", "{3A8A6562-8090-45C9-A723-50EBFC16817E}"
EndProject
Project("{FAE04EC0-301F-11D3-BF4B-00C04F79EFBC}") = "106_where", "106_where\106_where.csproj", "{465551B3-75CE-4CC8-99E2-31EB26069A15}"
EndProject
Project("{FAE04EC0-301F-11D3-BF4B-00C04F79EFBC}") = "107_List", "107_List\107_List.csproj", "{5C279686-2E13-4225-AFF0-DEC55FE478D5}"
EndProject
Project("{FAE04EC0-301F-11D3-BF4B-00C04F79EFBC}") = "108_Queue", "108_Queue\108_Queue.csproj", "{248F72B3-6576-4C32-A9C3-15EE21376CB0}"
EndProject
Project("{FAE04EC0-301F-11D3-BF4B-00C04F79EFBC}") = "109_Stack", "109_Stack\109_Stack.csproj", "{EB1F8B32-E16D-49DF-AB82-74E4A9B73B2D}"
EndProject
Project("{FAE04EC0-301F-11D3-BF4B-00C04F79EFBC}") = "110_Dictionary", "110_Dictionary\110_Dictionary.csproj", "{E4952EF7-9C1E-4535-8C47-F53DB7E1782F}"
EndProject
Project("{FAE04EC0-301F-11D3-BF4B-00C04F79EFBC}") = "111_try_catch", "111_try_catch\111_try_catch.csproj", "{EED9EE67-C8A4-43B6-990A-FC63D49C3B1C}"
EndProject
Project("{FAE04EC0-301F-11D3-BF4B-00C04F79EFBC}") = "112_Exception", "112_Exception\112_Exception.csproj", "{CBEE63E9-B9DB-4810-8BEA-39C96BC98226}"
EndProject
Project("{FAE04EC0-301F-11D3-BF4B-00C04F79EFBC}") = "113_throw", "113_throw\113_throw.csproj", "{29B73ABC-C2A2-45D6-94E2-5ED680504AE5}"
EndProject
Project("{FAE04EC0-301F-11D3-BF4B-00C04F79EFBC}") = "114_finally", "114_finally\114_finally.csproj", "{F747E416-C4BF-49DB-A2B9-2EEAF5EB11DA}"
EndProject
Project("{FAE04EC0-301F-11D3-BF4B-00C04F79EFBC}") = "115_CustomException", "115_CustomException\115_CustomException.csproj", "{C5AC1227-BB61-400A-A74F-8E10E302C21F}"
EndProject
Project("{FAE04EC0-301F-11D3-BF4B-00C04F79EFBC}") = "116_delegate", "116_delegate\116_delegate.csproj", "{1088517F-CAC2-405E-9216-4525AB82ADE4}"
EndProject
Project("{FAE04EC0-301F-11D3-BF4B-00C04F79EFBC}") = "117_delegateDeclare", "117_delegateDeclare\117_delegateDeclare.csproj", "{59BEA723-8C5C-49B0-865A-2F6C2526117A}"
EndProject
Project("{FAE04EC0-301F-11D3-BF4B-00C04F79EFBC}") = "118_delegateParam", "118_delegateParam\118_delegateParam.csproj", "{EA5C4A4E-D410-483F-985E-6ECC15CF96EA}"
EndProject
Project("{FAE04EC0-301F-11D3-BF4B-00C04F79EFBC}") = "119_event", "119_event\119_event.csproj", "{D33D29C0-97B7-4CCD-AB87-7D9F9365A395}"
EndProject
Project("{FAE04EC0-301F-11D3-BF4B-00C04F79EFBC}") = "120_Lambda", "120_Lambda\120_Lambda.csproj", "{768D8654-B1BD-41B5-BD5F-D30A81D57317}"
EndProject
Project("{FAE04EC0-301F-11D3-BF4B-00C04F79EFBC}") = "121_ListLambda", "121_ListLambda\121_ListLambda.csproj", "{6FAA2861-51E7-4A0F-AD02-95AB9FCDE0A9}"
EndProject
Project("{FAE04EC0-301F-11D3-BF4B-00C04F79EFBC}") = "122_FuncLambda", "122_FuncLambda\122_FuncLambda.csproj", "{1F68F11E-B83F-4B3F-8DF2-49DBD1F4052C}"
EndProject
Global
	GlobalSection(SolutionConfigurationPlatforms) = preSolution
		Debug|Any CPU = Debug|Any CPU
		Release|Any CPU = Release|Any CPU
	EndGlobalSection
	GlobalSection(ProjectConfigurationPlatforms) = postSolution
		{6D3550DD-4EAD-4FC3-B7CF-56255DB042DB}.Debug|Any CPU.ActiveCfg = Debug|Any CPU
		{6D3550DD-4EAD-4FC3-B7CF-56255DB042DB}.Debug|Any CPU.Build.0 = Debug|Any CPU
		{6D3550DD-4EAD-4FC3-B7CF-56255DB042DB}.Release|Any CPU.ActiveCfg = Release|Any CPU
		{6D3550DD-4EAD-4FC3-B7CF-56255DB042DB}.Release|Any CPU.Build.0 = Release|Any CPU
		{630ED7F4-E5AB-4318-9F9D-02E8B8C0D11E}.Debug|Any CPU.ActiveCfg = Debug|Any CPU
		{630ED7F4-E5AB-4318-9F9D-02E8B8C0D11E}.Debug|Any CPU.Build.0 = Debug|Any CPU
		{630ED7F4-E5AB-4318-9F9D-02E8B8C0D11E}.Release|Any CPU.ActiveCfg = Release|Any CPU
		{630ED7F4-E5AB-4318-9F9D-02E8B8C0D11E}.Release|Any CPU.Build.0 = Release|Any CPU
		{1111CA34-C212-44D9-953F-E5E7F3B8B70F}.Debug|Any CPU.ActiveCfg = Debug|Any CPU
		{1111CA34-C212-44D9-953F-E5E7F3B8B70F}.Debug|Any CPU.Build.0 = Debug|Any CPU
		{1111CA34-C212-44D9-953F-E5E7F3B8B70F}.Release|Any CPU.ActiveCfg = Release|Any CPU
		{1111CA34-C212-44D9-953F-E5E7F3B8B70F}.Release|Any CPU.Build.0 = Release|Any CPU
		{D9CE8382-B531-40F9-87B4-77EF5D4B9F75}.Debug|Any CPU.ActiveCfg = Debug|Any CPU
		{D9CE8382-B531-40F9-87B4-77EF5D4B9F75}.Debug|Any CPU.Build.0 = Debug|Any CPU
		{D9CE8382-B531-40F9-87B4-77EF5D4B9F75}.Release|Any CPU.ActiveCfg = Release|Any CPU
		{D9CE8382-B531-40F9-87B4-77EF5D4B9F75}.Release|Any CPU.Build.0 = Release|Any CPU
		{87EE1CBC-7318-4914-AEDC-F10B05836DA0}.Debug|Any CPU.ActiveCfg = Debug|Any CPU
		{87EE1CBC-7318-4914-AEDC-F10B05836DA0}.Debug|Any CPU.Build.0 = Debug|Any CPU
		{87EE1CBC-7318-4914-AEDC-F10B05836DA0}.Release|Any CPU.ActiveCfg = Release|Any CPU
		{87EE1CBC-7318-4914-AEDC-F10B05836DA0}.Release|Any CPU.Build.0 = Release|Any CPU
		{5C2DEBD4-C48F-4DF5-A6AF-1323CFD9AAFC}.Debug|Any CPU.ActiveCfg = Debug|Any CPU
		{5C2DEBD4-C48F-4DF5-A6AF-1323CFD9AAFC}.Debug|Any CPU.Build.0 = Debug|Any CPU
		{5C2DEBD4-C48F-4DF5-A6AF-1323CFD9AAFC}.Release|Any CPU.ActiveCfg = Release|Any CPU
		{5C2DEBD4-C48F-4DF5-A6AF-1323CFD9AAFC}.Release|Any CPU.Build.0 = Release|Any CPU
		{D9EBF7A5-FA24-4396-827E-B276C266D52B}.Debug|Any CPU.ActiveCfg = Debug|Any CPU
		{D9EBF7A5-FA24-4396-827E-B276C266D52B}.Debug|Any CPU.Build.0 = Debug|Any CPU
		{D9EBF7A5-FA24-4396-827E-B276C266D52B}.Release|Any CPU.ActiveCfg = Release|Any CPU
		{D9EBF7A5-FA24-4396-827E-B276C266D52B}.Release|Any CPU.Build.0 = Release|Any CPU
		{A073CE4E-4381-4825-B508-9764D09879A1}.Debug|Any CPU.ActiveCfg = Debug|Any CPU
		{A073CE4E-4381-4825-B508-9764D09879A1}.Debug|Any CPU.Build.0 = Debug|Any CPU
		{A073CE4E-4381-4825-B508-9764D09879A1}.Release|Any CPU.ActiveCfg = Release|Any CPU
		{A073CE4E-4381-4825-B508-9764D09879A1}.Release|Any CPU.Build.0 = Release|Any CPU
		{3353373E-9364-41D9-AB0C-308FA3682195}.Debug|Any CPU.ActiveCfg = Debug|Any CPU
		{3353373E-9364-41D9-AB0C-308FA3682195}.Debug|Any CPU.Build.0 = Debug|Any CPU
		{3353373E-9364-41D9-AB0C-308FA3682195}.Release|Any CPU.ActiveCfg = Release|Any CPU
		{3353373E-9364-41D9-AB0C-308FA3682195}.Release|Any CPU.Build.0 = Release|Any CPU
		{D9ACADC2-2955-4D3F-B84A-18685AD07194}.Debug|Any CPU.ActiveCfg = Debug|Any CPU
		{D9ACADC2-2955-4D3F-B84A-18685AD07194}.Debug|Any CPU.Build.0 = Debug|Any CPU
		{D9ACADC2-2955-4D3F-B84A-18685AD07194}.Release|Any CPU.ActiveCfg = Release|Any CPU
		{D9ACADC2-2955-4D3F-B84A-18685AD07194}.Release|Any CPU.Build.0 = Release|Any CPU
		{A3B5C91E-10F0-4216-8FE5-07028B02E209}.Debug|Any CPU.ActiveCfg = Debug|Any CPU
		{A3B5C91E-10F0-4216-8FE5-07028B02E209}.Debug|Any CPU.Build.0 = Debug|Any CPU
		{A3B5C91E-10F0-4216-8FE5-07028B02E209}.Release|Any CPU.ActiveCfg = Release|Any CPU
		{A3B5C91E-10F0-4216-8FE5-07028B02E209}.Release|Any CPU.Build.0 = Release|Any CPU
		{D89585FA-FF8B-4945-BFF7-A9F3B2DAB5BB}.Debug|Any CPU.ActiveCfg = Debug|Any CPU
		{D89585FA-FF8B-4945-BFF7-A9F3B2DAB5BB}.Debug|Any CPU.Build.0 = Debug|Any CPU
		{D89585FA-FF8B-4945-BFF7-A9F3B2DAB5BB}.Release|Any CPU.ActiveCfg = Release|Any CPU
		{D89585FA-FF8B-4945-BFF7-A9F3B2DAB5BB}.Release|Any CPU.Build.0 = Release|Any CPU
		{22BF4FDA-DC33-433E-8078-ACCAFEFD15F7}.Debug|Any CPU.ActiveCfg = Debug|Any CPU
		{22BF4FDA-DC33-433E-8078-ACCAFEFD15F7}.Debug|Any CPU.Build.0 = Debug|Any CPU
		{22BF4FDA-DC33-433E-8078-ACCAFEFD15F7}.Release|Any CPU.ActiveCfg = Release|Any CPU
		{22BF4FDA-DC33-433E-8078-ACCAFEFD15F7}.Release|Any CPU.Build.0 = Release|Any CPU
		{6D0674D7-E486-45D5-BBB0-45CD64CBEDEE}.Debug|Any CPU.ActiveCfg = Debug|Any CPU
		{6D0674D7-E486-45D5-BBB0-45CD64CBEDEE}.Debug|Any CPU.Build.0 = Debug|Any CPU
		{6D0674D7-E486-45D5-BBB0-45CD64CBEDEE}.Release|Any CPU.ActiveCfg = Release|Any CPU
		{6D0674D7-E486-45D5-BBB0-45CD64CBEDEE}.Release|Any CPU.Build.0 = Release|Any CPU
		{AC2E1C1B-FF76-4D98-84BA-DD21F0C5A2AC}.Debug|Any CPU.ActiveCfg = Debug|Any CPU
		{AC2E1C1B-FF76-4D98-84BA-DD21F0C5A2AC}.Debug|Any CPU.Build.0 = Debug|Any CPU
		{AC2E1C1B-FF76-4D98-84BA-DD21F0C5A2AC}.Release|Any CPU.ActiveCfg = Release|Any CPU
		{AC2E1C1B-FF76-4D98-84BA-DD21F0C5A2AC}.Release|Any CPU.Build.0 = Release|Any CPU
		{1F422CD4-2541-478F-B03E-156039BE6D29}.Debug|Any CPU.ActiveCfg = Debug|Any CPU
		{1F422CD4-2541-478F-B03E-156039BE6D29}.Debug|Any CPU.Build.0 = Debug|Any CPU
		{1F422CD4-2541-478F-B03E-156039BE6D29}.Release|Any CPU.ActiveCfg = Release|Any CPU
		{1F422CD4-2541-478F-B03E-156039BE6D29}.Release|Any CPU.Build.0 = Release|Any CPU
		{0BF783D0-FA35-4B52-A377-CC600CE0C9BC}.Debug|Any CPU.ActiveCfg = Debug|Any CPU
		{0BF783D0-FA35-4B52-A377-CC600CE0C9BC}.Debug|Any CPU.Build.0 = Debug|Any CPU
		{0BF783D0-FA35-4B52-A377-CC600CE0C9BC}.Release|Any CPU.ActiveCfg = Release|Any CPU
		{0BF783D0-FA35-4B52-A377-CC600CE0C9BC}.Release|Any CPU.Build.0 = Release|Any CPU
		{CFEE0933-2215-4A69-9283-587AC632B3BA}.Debug|Any CPU.ActiveCfg = Debug|Any CPU
		{CFEE0933-2215-4A69-9283-587AC632B3BA}.Debug|Any CPU.Build.0 = Debug|Any CPU
		{CFEE0933-2215-4A69-9283-587AC632B3BA}.Release|Any CPU.ActiveCfg = Release|Any CPU
		{CFEE0933-2215-4A69-9283-587AC632B3BA}.Release|Any CPU.Build.0 = Release|Any CPU
		{2730A6FF-0B86-4294-B6F0-F0C883CC3804}.Debug|Any CPU.ActiveCfg = Debug|Any CPU
		{2730A6FF-0B86-4294-B6F0-F0C883CC3804}.Debug|Any CPU.Build.0 = Debug|Any CPU
		{2730A6FF-0B86-4294-B6F0-F0C883CC3804}.Release|Any CPU.ActiveCfg = Release|Any CPU
		{2730A6FF-0B86-4294-B6F0-F0C883CC3804}.Release|Any CPU.Build.0 = Release|Any CPU
		{4E4A75E6-8130-4D37-BECC-369D4DC4E5F3}.Debug|Any CPU.ActiveCfg = Debug|Any CPU
		{4E4A75E6-8130-4D37-BECC-369D4DC4E5F3}.Debug|Any CPU.Build.0 = Debug|Any CPU
		{4E4A75E6-8130-4D37-BECC-369D4DC4E5F3}.Release|Any CPU.ActiveCfg = Release|Any CPU
		{4E4A75E6-8130-4D37-BECC-369D4DC4E5F3}.Release|Any CPU.Build.0 = Release|Any CPU
		{0EFE1F35-FCC9-4644-AE59-E1D1CF2CC5B5}.Debug|Any CPU.ActiveCfg = Debug|Any CPU
		{0EFE1F35-FCC9-4644-AE59-E1D1CF2CC5B5}.Debug|Any CPU.Build.0 = Debug|Any CPU
		{0EFE1F35-FCC9-4644-AE59-E1D1CF2CC5B5}.Release|Any CPU.ActiveCfg = Release|Any CPU
		{0EFE1F35-FCC9-4644-AE59-E1D1CF2CC5B5}.Release|Any CPU.Build.0 = Release|Any CPU
		{D67F30F5-9722-4F61-B63B-58C678513821}.Debug|Any CPU.ActiveCfg = Debug|Any CPU
		{D67F30F5-9722-4F61-B63B-58C678513821}.Debug|Any CPU.Build.0 = Debug|Any CPU
		{D67F30F5-9722-4F61-B63B-58C678513821}.Release|Any CPU.ActiveCfg = Release|Any CPU
		{D67F30F5-9722-4F61-B63B-58C678513821}.Release|Any CPU.Build.0 = Release|Any CPU
		{C37EE74F-3FF6-48A2-B32A-03B8C7CF0A81}.Debug|Any CPU.ActiveCfg = Debug|Any CPU
		{C37EE74F-3FF6-48A2-B32A-03B8C7CF0A81}.Debug|Any CPU.Build.0 = Debug|Any CPU
		{C37EE74F-3FF6-48A2-B32A-03B8C7CF0A81}.Release|Any CPU.ActiveCfg = Release|Any CPU
		{C37EE74F-3FF6-48A2-B32A-03B8C7CF0A81}.Release|Any CPU.Build.0 = Release|Any CPU
		{09FB3B88-1805-4248-BAB0-E74522603A80}.Debug|Any CPU.ActiveCfg = Debug|Any CPU
		{09FB3B88-1805-4248-BAB0-E74522603A80}.Debug|Any CPU.Build.0 = Debug|Any CPU
		{09FB3B88-1805-4248-BAB0-E74522603A80}.Release|Any CPU.ActiveCfg = Release|Any CPU
		{09FB3B88-1805-4248-BAB0-E74522603A80}.Release|Any CPU.Build.0 = Release|Any CPU
		{E5B4BB49-C74B-4EE1-8EA8-8C39A20A9D45}.Debug|Any CPU.ActiveCfg = Debug|Any CPU
		{E5B4BB49-C74B-4EE1-8EA8-8C39A20A9D45}.Debug|Any CPU.Build.0 = Debug|Any CPU
		{E5B4BB49-C74B-4EE1-8EA8-8C39A20A9D45}.Release|Any CPU.ActiveCfg = Release|Any CPU
		{E5B4BB49-C74B-4EE1-8EA8-8C39A20A9D45}.Release|Any CPU.Build.0 = Release|Any CPU
		{CCEB322C-FB38-4DD1-A266-22832AE74E3B}.Debug|Any CPU.ActiveCfg = Debug|Any CPU
		{CCEB322C-FB38-4DD1-A266-22832AE74E3B}.Debug|Any CPU.Build.0 = Debug|Any CPU
		{CCEB322C-FB38-4DD1-A266-22832AE74E3B}.Release|Any CPU.ActiveCfg = Release|Any CPU
		{CCEB322C-FB38-4DD1-A266-22832AE74E3B}.Release|Any CPU.Build.0 = Release|Any CPU
		{7CFB421E-CAE5-42EB-8A5B-65C42103FE91}.Debug|Any CPU.ActiveCfg = Debug|Any CPU
		{7CFB421E-CAE5-42EB-8A5B-65C42103FE91}.Debug|Any CPU.Build.0 = Debug|Any CPU
		{7CFB421E-CAE5-42EB-8A5B-65C42103FE91}.Release|Any CPU.ActiveCfg = Release|Any CPU
		{7CFB421E-CAE5-42EB-8A5B-65C42103FE91}.Release|Any CPU.Build.0 = Release|Any CPU
		{0238ED8C-68D2-4588-8923-BC034E9719D6}.Debug|Any CPU.ActiveCfg = Debug|Any CPU
		{0238ED8C-68D2-4588-8923-BC034E9719D6}.Debug|Any CPU.Build.0 = Debug|Any CPU
		{0238ED8C-68D2-4588-8923-BC034E9719D6}.Release|Any CPU.ActiveCfg = Release|Any CPU
		{0238ED8C-68D2-4588-8923-BC034E9719D6}.Release|Any CPU.Build.0 = Release|Any CPU
		{A957AAE0-08EB-4AB7-AF93-D92F46C2C5C0}.Debug|Any CPU.ActiveCfg = Debug|Any CPU
		{A957AAE0-08EB-4AB7-AF93-D92F46C2C5C0}.Debug|Any CPU.Build.0 = Debug|Any CPU
		{A957AAE0-08EB-4AB7-AF93-D92F46C2C5C0}.Release|Any CPU.ActiveCfg = Release|Any CPU
		{A957AAE0-08EB-4AB7-AF93-D92F46C2C5C0}.Release|Any CPU.Build.0 = Release|Any CPU
		{7DCEBABD-E8F8-47B9-9A4B-7E48DD387027}.Debug|Any CPU.ActiveCfg = Debug|Any CPU
		{7DCEBABD-E8F8-47B9-9A4B-7E48DD387027}.Debug|Any CPU.Build.0 = Debug|Any CPU
		{7DCEBABD-E8F8-47B9-9A4B-7E48DD387027}.Release|Any CPU.ActiveCfg = Release|Any CPU
		{7DCEBABD-E8F8-47B9-9A4B-7E48DD387027}.Release|Any CPU.Build.0 = Release|Any CPU
		{75337471-6907-451B-89AF-8FD5942B3C47}.Debug|Any CPU.ActiveCfg = Debug|Any CPU
		{75337471-6907-451B-89AF-8FD5942B3C47}.Debug|Any CPU.Build.0 = Debug|Any CPU
		{75337471-6907-451B-89AF-8FD5942B3C47}.Release|Any CPU.ActiveCfg = Release|Any CPU
		{75337471-6907-451B-89AF-8FD5942B3C47}.Release|Any CPU.Build.0 = Release|Any CPU
		{30E03FE2-6D89-46D1-99D9-146B94DC0562}.Debug|Any CPU.ActiveCfg = Debug|Any CPU
		{30E03FE2-6D89-46D1-99D9-146B94DC0562}.Debug|Any CPU.Build.0 = Debug|Any CPU
		{30E03FE2-6D89-46D1-99D9-146B94DC0562}.Release|Any CPU.ActiveCfg = Release|Any CPU
		{30E03FE2-6D89-46D1-99D9-146B94DC0562}.Release|Any CPU.Build.0 = Release|Any CPU
		{C15F9385-02D3-48B4-9857-967AA1BF90F7}.Debug|Any CPU.ActiveCfg = Debug|Any CPU
		{C15F9385-02D3-48B4-9857-967AA1BF90F7}.Debug|Any CPU.Build.0 = Debug|Any CPU
		{C15F9385-02D3-48B4-9857-967AA1BF90F7}.Release|Any CPU.ActiveCfg = Release|Any CPU
		{C15F9385-02D3-48B4-9857-967AA1BF90F7}.Release|Any CPU.Build.0 = Release|Any CPU
		{2D36DE8B-5202-43E0-BB12-82CBC789452F}.Debug|Any CPU.ActiveCfg = Debug|Any CPU
		{2D36DE8B-5202-43E0-BB12-82CBC789452F}.Debug|Any CPU.Build.0 = Debug|Any CPU
		{2D36DE8B-5202-43E0-BB12-82CBC789452F}.Release|Any CPU.ActiveCfg = Release|Any CPU
		{2D36DE8B-5202-43E0-BB12-82CBC789452F}.Release|Any CPU.Build.0 = Release|Any CPU
		{73B0958A-A9F3-4449-B9C7-2D18987E96A0}.Debug|Any CPU.ActiveCfg = Debug|Any CPU
		{73B0958A-A9F3-4449-B9C7-2D18987E96A0}.Debug|Any CPU.Build.0 = Debug|Any CPU
		{73B0958A-A9F3-4449-B9C7-2D18987E96A0}.Release|Any CPU.ActiveCfg = Release|Any CPU
		{73B0958A-A9F3-4449-B9C7-2D18987E96A0}.Release|Any CPU.Build.0 = Release|Any CPU
		{3EAB01B0-292E-4DC9-A895-F87039446C4E}.Debug|Any CPU.ActiveCfg = Debug|Any CPU
		{3EAB01B0-292E-4DC9-A895-F87039446C4E}.Debug|Any CPU.Build.0 = Debug|Any CPU
		{3EAB01B0-292E-4DC9-A895-F87039446C4E}.Release|Any CPU.ActiveCfg = Release|Any CPU
		{3EAB01B0-292E-4DC9-A895-F87039446C4E}.Release|Any CPU.Build.0 = Release|Any CPU
		{D52F2360-D3CC-4731-AC99-B6FF8DAFD398}.Debug|Any CPU.ActiveCfg = Debug|Any CPU
		{D52F2360-D3CC-4731-AC99-B6FF8DAFD398}.Debug|Any CPU.Build.0 = Debug|Any CPU
		{D52F2360-D3CC-4731-AC99-B6FF8DAFD398}.Release|Any CPU.ActiveCfg = Release|Any CPU
		{D52F2360-D3CC-4731-AC99-B6FF8DAFD398}.Release|Any CPU.Build.0 = Release|Any CPU
		{21B6EAA4-E904-4690-9714-A9A4D9753F4C}.Debug|Any CPU.ActiveCfg = Debug|Any CPU
		{21B6EAA4-E904-4690-9714-A9A4D9753F4C}.Debug|Any CPU.Build.0 = Debug|Any CPU
		{21B6EAA4-E904-4690-9714-A9A4D9753F4C}.Release|Any CPU.ActiveCfg = Release|Any CPU
		{21B6EAA4-E904-4690-9714-A9A4D9753F4C}.Release|Any CPU.Build.0 = Release|Any CPU
		{641FB649-049B-4C68-9244-9CA4AD392D51}.Debug|Any CPU.ActiveCfg = Debug|Any CPU
		{641FB649-049B-4C68-9244-9CA4AD392D51}.Debug|Any CPU.Build.0 = Debug|Any CPU
		{641FB649-049B-4C68-9244-9CA4AD392D51}.Release|Any CPU.ActiveCfg = Release|Any CPU
		{641FB649-049B-4C68-9244-9CA4AD392D51}.Release|Any CPU.Build.0 = Release|Any CPU
		{5B708B8C-AA18-4C79-AAC4-1AF952273071}.Debug|Any CPU.ActiveCfg = Debug|Any CPU
		{5B708B8C-AA18-4C79-AAC4-1AF952273071}.Debug|Any CPU.Build.0 = Debug|Any CPU
		{5B708B8C-AA18-4C79-AAC4-1AF952273071}.Release|Any CPU.ActiveCfg = Release|Any CPU
		{5B708B8C-AA18-4C79-AAC4-1AF952273071}.Release|Any CPU.Build.0 = Release|Any CPU
		{04614D0E-4425-46BE-B9C1-746CBD7FB6FE}.Debug|Any CPU.ActiveCfg = Debug|Any CPU
		{04614D0E-4425-46BE-B9C1-746CBD7FB6FE}.Debug|Any CPU.Build.0 = Debug|Any CPU
		{04614D0E-4425-46BE-B9C1-746CBD7FB6FE}.Release|Any CPU.ActiveCfg = Release|Any CPU
		{04614D0E-4425-46BE-B9C1-746CBD7FB6FE}.Release|Any CPU.Build.0 = Release|Any CPU
		{B3955350-9F2B-4FC5-81D6-BF5A78FBCD03}.Debug|Any CPU.ActiveCfg = Debug|Any CPU
		{B3955350-9F2B-4FC5-81D6-BF5A78FBCD03}.Debug|Any CPU.Build.0 = Debug|Any CPU
		{B3955350-9F2B-4FC5-81D6-BF5A78FBCD03}.Release|Any CPU.ActiveCfg = Release|Any CPU
		{B3955350-9F2B-4FC5-81D6-BF5A78FBCD03}.Release|Any CPU.Build.0 = Release|Any CPU
		{381FA304-CDCC-4DEC-8885-389427F218CA}.Debug|Any CPU.ActiveCfg = Debug|Any CPU
		{381FA304-CDCC-4DEC-8885-389427F218CA}.Debug|Any CPU.Build.0 = Debug|Any CPU
		{381FA304-CDCC-4DEC-8885-389427F218CA}.Release|Any CPU.ActiveCfg = Release|Any CPU
		{381FA304-CDCC-4DEC-8885-389427F218CA}.Release|Any CPU.Build.0 = Release|Any CPU
		{666D5263-71F8-403A-BFED-C4ADE0BFB8C4}.Debug|Any CPU.ActiveCfg = Debug|Any CPU
		{666D5263-71F8-403A-BFED-C4ADE0BFB8C4}.Debug|Any CPU.Build.0 = Debug|Any CPU
		{666D5263-71F8-403A-BFED-C4ADE0BFB8C4}.Release|Any CPU.ActiveCfg = Release|Any CPU
		{666D5263-71F8-403A-BFED-C4ADE0BFB8C4}.Release|Any CPU.Build.0 = Release|Any CPU
		{B1A7603C-0437-49D1-A2F4-9A7574C2C3B8}.Debug|Any CPU.ActiveCfg = Debug|Any CPU
		{B1A7603C-0437-49D1-A2F4-9A7574C2C3B8}.Debug|Any CPU.Build.0 = Debug|Any CPU
		{B1A7603C-0437-49D1-A2F4-9A7574C2C3B8}.Release|Any CPU.ActiveCfg = Release|Any CPU
		{B1A7603C-0437-49D1-A2F4-9A7574C2C3B8}.Release|Any CPU.Build.0 = Release|Any CPU
		{9B4B3677-123B-4D72-91C9-1B4B65290230}.Debug|Any CPU.ActiveCfg = Debug|Any CPU
		{9B4B3677-123B-4D72-91C9-1B4B65290230}.Debug|Any CPU.Build.0 = Debug|Any CPU
		{9B4B3677-123B-4D72-91C9-1B4B65290230}.Release|Any CPU.ActiveCfg = Release|Any CPU
		{9B4B3677-123B-4D72-91C9-1B4B65290230}.Release|Any CPU.Build.0 = Release|Any CPU
		{52DF232F-C59D-4C59-B81B-4AC02D7473A2}.Debug|Any CPU.ActiveCfg = Debug|Any CPU
		{52DF232F-C59D-4C59-B81B-4AC02D7473A2}.Debug|Any CPU.Build.0 = Debug|Any CPU
		{52DF232F-C59D-4C59-B81B-4AC02D7473A2}.Release|Any CPU.ActiveCfg = Release|Any CPU
		{52DF232F-C59D-4C59-B81B-4AC02D7473A2}.Release|Any CPU.Build.0 = Release|Any CPU
		{8F96D32F-5197-40F5-A59F-59C7D45E21F5}.Debug|Any CPU.ActiveCfg = Debug|Any CPU
		{8F96D32F-5197-40F5-A59F-59C7D45E21F5}.Debug|Any CPU.Build.0 = Debug|Any CPU
		{8F96D32F-5197-40F5-A59F-59C7D45E21F5}.Release|Any CPU.ActiveCfg = Release|Any CPU
		{8F96D32F-5197-40F5-A59F-59C7D45E21F5}.Release|Any CPU.Build.0 = Release|Any CPU
		{E6EEC6E8-5D61-453F-B1E3-1E58CFB50483}.Debug|Any CPU.ActiveCfg = Debug|Any CPU
		{E6EEC6E8-5D61-453F-B1E3-1E58CFB50483}.Debug|Any CPU.Build.0 = Debug|Any CPU
		{E6EEC6E8-5D61-453F-B1E3-1E58CFB50483}.Release|Any CPU.ActiveCfg = Release|Any CPU
		{E6EEC6E8-5D61-453F-B1E3-1E58CFB50483}.Release|Any CPU.Build.0 = Release|Any CPU
		{FD111E7B-E80F-4F46-9908-0B0A695528E0}.Debug|Any CPU.ActiveCfg = Debug|Any CPU
		{FD111E7B-E80F-4F46-9908-0B0A695528E0}.Debug|Any CPU.Build.0 = Debug|Any CPU
		{FD111E7B-E80F-4F46-9908-0B0A695528E0}.Release|Any CPU.ActiveCfg = Release|Any CPU
		{FD111E7B-E80F-4F46-9908-0B0A695528E0}.Release|Any CPU.Build.0 = Release|Any CPU
		{FF89A40B-1ABC-4868-95C3-4113D71086C0}.Debug|Any CPU.ActiveCfg = Debug|Any CPU
		{FF89A40B-1ABC-4868-95C3-4113D71086C0}.Debug|Any CPU.Build.0 = Debug|Any CPU
		{FF89A40B-1ABC-4868-95C3-4113D71086C0}.Release|Any CPU.ActiveCfg = Release|Any CPU
		{FF89A40B-1ABC-4868-95C3-4113D71086C0}.Release|Any CPU.Build.0 = Release|Any CPU
		{B8ED7AF9-6BF1-4A03-B05D-81F0C85F4C0F}.Debug|Any CPU.ActiveCfg = Debug|Any CPU
		{B8ED7AF9-6BF1-4A03-B05D-81F0C85F4C0F}.Debug|Any CPU.Build.0 = Debug|Any CPU
		{B8ED7AF9-6BF1-4A03-B05D-81F0C85F4C0F}.Release|Any CPU.ActiveCfg = Release|Any CPU
		{B8ED7AF9-6BF1-4A03-B05D-81F0C85F4C0F}.Release|Any CPU.Build.0 = Release|Any CPU
		{C77E5DAC-2A31-468F-9BF8-62848C713863}.Debug|Any CPU.ActiveCfg = Debug|Any CPU
		{C77E5DAC-2A31-468F-9BF8-62848C713863}.Debug|Any CPU.Build.0 = Debug|Any CPU
		{C77E5DAC-2A31-468F-9BF8-62848C713863}.Release|Any CPU.ActiveCfg = Release|Any CPU
		{C77E5DAC-2A31-468F-9BF8-62848C713863}.Release|Any CPU.Build.0 = Release|Any CPU
		{4040822F-3E6C-4196-8B77-D1A5A356A878}.Debug|Any CPU.ActiveCfg = Debug|Any CPU
		{4040822F-3E6C-4196-8B77-D1A5A356A878}.Debug|Any CPU.Build.0 = Debug|Any CPU
		{4040822F-3E6C-4196-8B77-D1A5A356A878}.Release|Any CPU.ActiveCfg = Release|Any CPU
		{4040822F-3E6C-4196-8B77-D1A5A356A878}.Release|Any CPU.Build.0 = Release|Any CPU
		{3F6F8A3B-A0FB-4955-8BF0-FCE271103DE3}.Debug|Any CPU.ActiveCfg = Debug|Any CPU
		{3F6F8A3B-A0FB-4955-8BF0-FCE271103DE3}.Debug|Any CPU.Build.0 = Debug|Any CPU
		{3F6F8A3B-A0FB-4955-8BF0-FCE271103DE3}.Release|Any CPU.ActiveCfg = Release|Any CPU
		{3F6F8A3B-A0FB-4955-8BF0-FCE271103DE3}.Release|Any CPU.Build.0 = Release|Any CPU
		{BA0307C0-87BB-4A8F-99EE-D39F9E923C35}.Debug|Any CPU.ActiveCfg = Debug|Any CPU
		{BA0307C0-87BB-4A8F-99EE-D39F9E923C35}.Debug|Any CPU.Build.0 = Debug|Any CPU
		{BA0307C0-87BB-4A8F-99EE-D39F9E923C35}.Release|Any CPU.ActiveCfg = Release|Any CPU
		{BA0307C0-87BB-4A8F-99EE-D39F9E923C35}.Release|Any CPU.Build.0 = Release|Any CPU
		{BEFD4091-1544-4D91-89E2-AAA68A297502}.Debug|Any CPU.ActiveCfg = Debug|Any CPU
		{BEFD4091-1544-4D91-89E2-AAA68A297502}.Debug|Any CPU.Build.0 = Debug|Any CPU
		{BEFD4091-1544-4D91-89E2-AAA68A297502}.Release|Any CPU.ActiveCfg = Release|Any CPU
		{BEFD4091-1544-4D91-89E2-AAA68A297502}.Release|Any CPU.Build.0 = Release|Any CPU
		{AF9D2652-78DF-44E9-8378-D639B6ADAE67}.Debug|Any CPU.ActiveCfg = Debug|Any CPU
		{AF9D2652-78DF-44E9-8378-D639B6ADAE67}.Debug|Any CPU.Build.0 = Debug|Any CPU
		{AF9D2652-78DF-44E9-8378-D639B6ADAE67}.Release|Any CPU.ActiveCfg = Release|Any CPU
		{AF9D2652-78DF-44E9-8378-D639B6ADAE67}.Release|Any CPU.Build.0 = Release|Any CPU
		{D6CA7322-B8A3-462B-BFF9-05E65BF845A4}.Debug|Any CPU.ActiveCfg = Debug|Any CPU
		{D6CA7322-B8A3-462B-BFF9-05E65BF845A4}.Debug|Any CPU.Build.0 = Debug|Any CPU
		{D6CA7322-B8A3-462B-BFF9-05E65BF845A4}.Release|Any CPU.ActiveCfg = Release|Any CPU
		{D6CA7322-B8A3-462B-BFF9-05E65BF845A4}.Release|Any CPU.Build.0 = Release|Any CPU
		{01E66C31-DCB3-4E3E-8285-D0366C8BD186}.Debug|Any CPU.ActiveCfg = Debug|Any CPU
		{01E66C31-DCB3-4E3E-8285-D0366C8BD186}.Debug|Any CPU.Build.0 = Debug|Any CPU
		{01E66C31-DCB3-4E3E-8285-D0366C8BD186}.Release|Any CPU.ActiveCfg = Release|Any CPU
		{01E66C31-DCB3-4E3E-8285-D0366C8BD186}.Release|Any CPU.Build.0 = Release|Any CPU
		{5CB13131-FCC6-48F4-B7ED-831E72C360E1}.Debug|Any CPU.ActiveCfg = Debug|Any CPU
		{5CB13131-FCC6-48F4-B7ED-831E72C360E1}.Debug|Any CPU.Build.0 = Debug|Any CPU
		{5CB13131-FCC6-48F4-B7ED-831E72C360E1}.Release|Any CPU.ActiveCfg = Release|Any CPU
		{5CB13131-FCC6-48F4-B7ED-831E72C360E1}.Release|Any CPU.Build.0 = Release|Any CPU
		{C4361BF8-7E5F-48A2-9681-D6C2125164B2}.Debug|Any CPU.ActiveCfg = Debug|Any CPU
		{C4361BF8-7E5F-48A2-9681-D6C2125164B2}.Debug|Any CPU.Build.0 = Debug|Any CPU
		{C4361BF8-7E5F-48A2-9681-D6C2125164B2}.Release|Any CPU.ActiveCfg = Release|Any CPU
		{C4361BF8-7E5F-48A2-9681-D6C2125164B2}.Release|Any CPU.Build.0 = Release|Any CPU
		{97FE567D-1EC9-4BA9-A78C-EE3CAD54C12A}.Debug|Any CPU.ActiveCfg = Debug|Any CPU
		{97FE567D-1EC9-4BA9-A78C-EE3CAD54C12A}.Debug|Any CPU.Build.0 = Debug|Any CPU
		{97FE567D-1EC9-4BA9-A78C-EE3CAD54C12A}.Release|Any CPU.ActiveCfg = Release|Any CPU
		{97FE567D-1EC9-4BA9-A78C-EE3CAD54C12A}.Release|Any CPU.Build.0 = Release|Any CPU
		{3EA351AC-57E3-49E4-B8AA-24B07EB1B564}.Debug|Any CPU.ActiveCfg = Debug|Any CPU
		{3EA351AC-57E3-49E4-B8AA-24B07EB1B564}.Debug|Any CPU.Build.0 = Debug|Any CPU
		{3EA351AC-57E3-49E4-B8AA-24B07EB1B564}.Release|Any CPU.ActiveCfg = Release|Any CPU
		{3EA351AC-57E3-49E4-B8AA-24B07EB1B564}.Release|Any CPU.Build.0 = Release|Any CPU
		{75D54706-8AD0-4E09-879B-019157234EA5}.Debug|Any CPU.ActiveCfg = Debug|Any CPU
		{75D54706-8AD0-4E09-879B-019157234EA5}.Debug|Any CPU.Build.0 = Debug|Any CPU
		{75D54706-8AD0-4E09-879B-019157234EA5}.Release|Any CPU.ActiveCfg = Release|Any CPU
		{75D54706-8AD0-4E09-879B-019157234EA5}.Release|Any CPU.Build.0 = Release|Any CPU
		{A5474160-E894-43C8-AE85-123E73896E4D}.Debug|Any CPU.ActiveCfg = Debug|Any CPU
		{A5474160-E894-43C8-AE85-123E73896E4D}.Debug|Any CPU.Build.0 = Debug|Any CPU
		{A5474160-E894-43C8-AE85-123E73896E4D}.Release|Any CPU.ActiveCfg = Release|Any CPU
		{A5474160-E894-43C8-AE85-123E73896E4D}.Release|Any CPU.Build.0 = Release|Any CPU
		{B4D39118-750E-4B9F-B9DB-61E2036B6A3E}.Debug|Any CPU.ActiveCfg = Debug|Any CPU
		{B4D39118-750E-4B9F-B9DB-61E2036B6A3E}.Debug|Any CPU.Build.0 = Debug|Any CPU
		{B4D39118-750E-4B9F-B9DB-61E2036B6A3E}.Release|Any CPU.ActiveCfg = Release|Any CPU
		{B4D39118-750E-4B9F-B9DB-61E2036B6A3E}.Release|Any CPU.Build.0 = Release|Any CPU
		{1D087F5D-EE6F-4497-A12E-80DB8439D84E}.Debug|Any CPU.ActiveCfg = Debug|Any CPU
		{1D087F5D-EE6F-4497-A12E-80DB8439D84E}.Debug|Any CPU.Build.0 = Debug|Any CPU
		{1D087F5D-EE6F-4497-A12E-80DB8439D84E}.Release|Any CPU.ActiveCfg = Release|Any CPU
		{1D087F5D-EE6F-4497-A12E-80DB8439D84E}.Release|Any CPU.Build.0 = Release|Any CPU
		{C9AA3371-BDAC-4009-9568-8B5C8A41736A}.Debug|Any CPU.ActiveCfg = Debug|Any CPU
		{C9AA3371-BDAC-4009-9568-8B5C8A41736A}.Debug|Any CPU.Build.0 = Debug|Any CPU
		{C9AA3371-BDAC-4009-9568-8B5C8A41736A}.Release|Any CPU.ActiveCfg = Release|Any CPU
		{C9AA3371-BDAC-4009-9568-8B5C8A41736A}.Release|Any CPU.Build.0 = Release|Any CPU
		{3A8A6562-8090-45C9-A723-50EBFC16817E}.Debug|Any CPU.ActiveCfg = Debug|Any CPU
		{3A8A6562-8090-45C9-A723-50EBFC16817E}.Debug|Any CPU.Build.0 = Debug|Any CPU
		{3A8A6562-8090-45C9-A723-50EBFC16817E}.Release|Any CPU.ActiveCfg = Release|Any CPU
		{3A8A6562-8090-45C9-A723-50EBFC16817E}.Release|Any CPU.Build.0 = Release|Any CPU
		{465551B3-75CE-4CC8-99E2-31EB26069A15}.Debug|Any CPU.ActiveCfg = Debug|Any CPU
		{465551B3-75CE-4CC8-99E2-31EB26069A15}.Debug|Any CPU.Build.0 = Debug|Any CPU
		{465551B3-75CE-4CC8-99E2-31EB26069A15}.Release|Any CPU.ActiveCfg = Release|Any CPU
		{465551B3-75CE-4CC8-99E2-31EB26069A15}.Release|Any CPU.Build.0 = Release|Any CPU
		{5C279686-2E13-4225-AFF0-DEC55FE478D5}.Debug|Any CPU.ActiveCfg = Debug|Any CPU
		{5C279686-2E13-4225-AFF0-DEC55FE478D5}.Debug|Any CPU.Build.0 = Debug|Any CPU
		{5C279686-2E13-4225-AFF0-DEC55FE478D5}.Release|Any CPU.ActiveCfg = Release|Any CPU
		{5C279686-2E13-4225-AFF0-DEC55FE478D5}.Release|Any CPU.Build.0 = Release|Any CPU
		{248F72B3-6576-4C32-A9C3-15EE21376CB0}.Debug|Any CPU.ActiveCfg = Debug|Any CPU
		{248F72B3-6576-4C32-A9C3-15EE21376CB0}.Debug|Any CPU.Build.0 = Debug|Any CPU
		{248F72B3-6576-4C32-A9C3-15EE21376CB0}.Release|Any CPU.ActiveCfg = Release|Any CPU
		{248F72B3-6576-4C32-A9C3-15EE21376CB0}.Release|Any CPU.Build.0 = Release|Any CPU
		{EB1F8B32-E16D-49DF-AB82-74E4A9B73B2D}.Debug|Any CPU.ActiveCfg = Debug|Any CPU
		{EB1F8B32-E16D-49DF-AB82-74E4A9B73B2D}.Debug|Any CPU.Build.0 = Debug|Any CPU
		{EB1F8B32-E16D-49DF-AB82-74E4A9B73B2D}.Release|Any CPU.ActiveCfg = Release|Any CPU
		{EB1F8B32-E16D-49DF-AB82-74E4A9B73B2D}.Release|Any CPU.Build.0 = Release|Any CPU
		{E4952EF7-9C1E-4535-8C47-F53DB7E1782F}.Debug|Any CPU.ActiveCfg = Debug|Any CPU
		{E4952EF7-9C1E-4535-8C47-F53DB7E1782F}.Debug|Any CPU.Build.0 = Debug|Any CPU
		{E4952EF7-9C1E-4535-8C47-F53DB7E1782F}.Release|Any CPU.ActiveCfg = Release|Any CPU
		{E4952EF7-9C1E-4535-8C47-F53DB7E1782F}.Release|Any CPU.Build.0 = Release|Any CPU
		{EED9EE67-C8A4-43B6-990A-FC63D49C3B1C}.Debug|Any CPU.ActiveCfg = Debug|Any CPU
		{EED9EE67-C8A4-43B6-990A-FC63D49C3B1C}.Debug|Any CPU.Build.0 = Debug|Any CPU
		{EED9EE67-C8A4-43B6-990A-FC63D49C3B1C}.Release|Any CPU.ActiveCfg = Release|Any CPU
		{EED9EE67-C8A4-43B6-990A-FC63D49C3B1C}.Release|Any CPU.Build.0 = Release|Any CPU
		{CBEE63E9-B9DB-4810-8BEA-39C96BC98226}.Debug|Any CPU.ActiveCfg = Debug|Any CPU
		{CBEE63E9-B9DB-4810-8BEA-39C96BC98226}.Debug|Any CPU.Build.0 = Debug|Any CPU
		{CBEE63E9-B9DB-4810-8BEA-39C96BC98226}.Release|Any CPU.ActiveCfg = Release|Any CPU
		{CBEE63E9-B9DB-4810-8BEA-39C96BC98226}.Release|Any CPU.Build.0 = Release|Any CPU
		{29B73ABC-C2A2-45D6-94E2-5ED680504AE5}.Debug|Any CPU.ActiveCfg = Debug|Any CPU
		{29B73ABC-C2A2-45D6-94E2-5ED680504AE5}.Debug|Any CPU.Build.0 = Debug|Any CPU
		{29B73ABC-C2A2-45D6-94E2-5ED680504AE5}.Release|Any CPU.ActiveCfg = Release|Any CPU
		{29B73ABC-C2A2-45D6-94E2-5ED680504AE5}.Release|Any CPU.Build.0 = Release|Any CPU
		{F747E416-C4BF-49DB-A2B9-2EEAF5EB11DA}.Debug|Any CPU.ActiveCfg = Debug|Any CPU
		{F747E416-C4BF-49DB-A2B9-2EEAF5EB11DA}.Debug|Any CPU.Build.0 = Debug|Any CPU
		{F747E416-C4BF-49DB-A2B9-2EEAF5EB11DA}.Release|Any CPU.ActiveCfg = Release|Any CPU
		{F747E416-C4BF-49DB-A2B9-2EEAF5EB11DA}.Release|Any CPU.Build.0 = Release|Any CPU
		{C5AC1227-BB61-400A-A74F-8E10E302C21F}.Debug|Any CPU.ActiveCfg = Debug|Any CPU
		{C5AC1227-BB61-400A-A74F-8E10E302C21F}.Debug|Any CPU.Build.0 = Debug|Any CPU
		{C5AC1227-BB61-400A-A74F-8E10E302C21F}.Release|Any CPU.ActiveCfg = Release|Any CPU
		{C5AC1227-BB61-400A-A74F-8E10E302C21F}.Release|Any CPU.Build.0 = Release|Any CPU
		{1088517F-CAC2-405E-9216-4525AB82ADE4}.Debug|Any CPU.ActiveCfg = Debug|Any CPU
		{1088517F-CAC2-405E-9216-4525AB82ADE4}.Debug|Any CPU.Build.0 = Debug|Any CPU
		{1088517F-CAC2-405E-9216-4525AB82ADE4}.Release|Any CPU.ActiveCfg = Release|Any CPU
		{1088517F-CAC2-405E-9216-4525AB82ADE4}.Release|Any CPU.Build.0 = Release|Any CPU
		{59BEA723-8C5C-49B0-865A-2F6C2526117A}.Debug|Any CPU.ActiveCfg = Debug|Any CPU
		{59BEA723-8C5C-49B0-865A-2F6C2526117A}.Debug|Any CPU.Build.0 = Debug|Any CPU
		{59BEA723-8C5C-49B0-865A-2F6C2526117A}.Release|Any CPU.ActiveCfg = Release|Any CPU
		{59BEA723-8C5C-49B0-865A-2F6C2526117A}.Release|Any CPU.Build.0 = Release|Any CPU
		{EA5C4A4E-D410-483F-985E-6ECC15CF96EA}.Debug|Any CPU.ActiveCfg = Debug|Any CPU
		{EA5C4A4E-D410-483F-985E-6ECC15CF96EA}.Debug|Any CPU.Build.0 = Debug|Any CPU
		{EA5C4A4E-D410-483F-985E-6ECC15CF96EA}.Release|Any CPU.ActiveCfg = Release|Any CPU
		{EA5C4A4E-D410-483F-985E-6ECC15CF96EA}.Release|Any CPU.Build.0 = Release|Any CPU
		{D33D29C0-97B7-4CCD-AB87-7D9F9365A395}.Debug|Any CPU.ActiveCfg = Debug|Any CPU
		{D33D29C0-97B7-4CCD-AB87-7D9F9365A395}.Debug|Any CPU.Build.0 = Debug|Any CPU
		{D33D29C0-97B7-4CCD-AB87-7D9F9365A395}.Release|Any CPU.ActiveCfg = Release|Any CPU
		{D33D29C0-97B7-4CCD-AB87-7D9F9365A395}.Release|Any CPU.Build.0 = Release|Any CPU
		{768D8654-B1BD-41B5-BD5F-D30A81D57317}.Debug|Any CPU.ActiveCfg = Debug|Any CPU
		{768D8654-B1BD-41B5-BD5F-D30A81D57317}.Debug|Any CPU.Build.0 = Debug|Any CPU
		{768D8654-B1BD-41B5-BD5F-D30A81D57317}.Release|Any CPU.ActiveCfg = Release|Any CPU
		{768D8654-B1BD-41B5-BD5F-D30A81D57317}.Release|Any CPU.Build.0 = Release|Any CPU
		{6FAA2861-51E7-4A0F-AD02-95AB9FCDE0A9}.Debug|Any CPU.ActiveCfg = Debug|Any CPU
		{6FAA2861-51E7-4A0F-AD02-95AB9FCDE0A9}.Debug|Any CPU.Build.0 = Debug|Any CPU
		{6FAA2861-51E7-4A0F-AD02-95AB9FCDE0A9}.Release|Any CPU.ActiveCfg = Release|Any CPU
		{6FAA2861-51E7-4A0F-AD02-95AB9FCDE0A9}.Release|Any CPU.Build.0 = Release|Any CPU
		{1F68F11E-B83F-4B3F-8DF2-49DBD1F4052C}.Debug|Any CPU.ActiveCfg = Debug|Any CPU
		{1F68F11E-B83F-4B3F-8DF2-49DBD1F4052C}.Debug|Any CPU.Build.0 = Debug|Any CPU
		{1F68F11E-B83F-4B3F-8DF2-49DBD1F4052C}.Release|Any CPU.ActiveCfg = Release|Any CPU
		{1F68F11E-B83F-4B3F-8DF2-49DBD1F4052C}.Release|Any CPU.Build.0 = Release|Any CPU
	EndGlobalSection
	GlobalSection(SolutionProperties) = preSolution
		HideSolutionNode = FALSE
	EndGlobalSection
	GlobalSection(ExtensibilityGlobals) = postSolution
		SolutionGuid = {1339B86F-DD9A-4B51-9B0F-84CCF386B2FC}
	EndGlobalSection
EndGlobal
